// !$*UTF8*$!
{
	archiveVersion = 1;
	classes = {
	};
	objectVersion = 46;
	objects = {

/* Begin PBXBuildFile section */
		D65D803D1EA8F853009E7C77 /* main.m in Sources */ = {isa = PBXBuildFile; fileRef = D65D803C1EA8F853009E7C77 /* main.m */; };
		D65D80401EA8F853009E7C77 /* AppDelegate.m in Sources */ = {isa = PBXBuildFile; fileRef = D65D803F1EA8F853009E7C77 /* AppDelegate.m */; };
		D65D80481EA8F853009E7C77 /* Assets.xcassets in Resources */ = {isa = PBXBuildFile; fileRef = D65D80471EA8F853009E7C77 /* Assets.xcassets */; };
		D65D804B1EA8F853009E7C77 /* LaunchScreen.storyboard in Resources */ = {isa = PBXBuildFile; fileRef = D65D80491EA8F853009E7C77 /* LaunchScreen.storyboard */; };
		D65D80611EA8F907009E7C77 /* UINavigationController+NavAlpha.m in Sources */ = {isa = PBXBuildFile; fileRef = D65D805F1EA8F907009E7C77 /* UINavigationController+NavAlpha.m */; };
		D65D80681EA8F989009E7C77 /* Demo1ViewController.m in Sources */ = {isa = PBXBuildFile; fileRef = D65D80671EA8F989009E7C77 /* Demo1ViewController.m */; };
		D67998EF1F395CDC00EFA3C6 /* mine.png in Resources */ = {isa = PBXBuildFile; fileRef = D67998EE1F395CDC00EFA3C6 /* mine.png */; };
		D67998F21F398B3E00EFA3C6 /* UINavigationBar+NavAlpha.m in Sources */ = {isa = PBXBuildFile; fileRef = D67998F11F398B3E00EFA3C6 /* UINavigationBar+NavAlpha.m */; };
		D67998F51F39927400EFA3C6 /* QViewController.m in Sources */ = {isa = PBXBuildFile; fileRef = D67998F41F39927400EFA3C6 /* QViewController.m */; };
/* End PBXBuildFile section */

/* Begin PBXFileReference section */
		D65D80381EA8F853009E7C77 /* MTransparentNav.app */ = {isa = PBXFileReference; explicitFileType = wrapper.application; includeInIndex = 0; path = MTransparentNav.app; sourceTree = BUILT_PRODUCTS_DIR; };
		D65D803C1EA8F853009E7C77 /* main.m */ = {isa = PBXFileReference; lastKnownFileType = sourcecode.c.objc; path = main.m; sourceTree = "<group>"; };
		D65D803E1EA8F853009E7C77 /* AppDelegate.h */ = {isa = PBXFileReference; lastKnownFileType = sourcecode.c.h; path = AppDelegate.h; sourceTree = "<group>"; };
		D65D803F1EA8F853009E7C77 /* AppDelegate.m */ = {isa = PBXFileReference; lastKnownFileType = sourcecode.c.objc; path = AppDelegate.m; sourceTree = "<group>"; };
		D65D80471EA8F853009E7C77 /* Assets.xcassets */ = {isa = PBXFileReference; lastKnownFileType = folder.assetcatalog; path = Assets.xcassets; sourceTree = "<group>"; };
		D65D804A1EA8F853009E7C77 /* Base */ = {isa = PBXFileReference; lastKnownFileType = file.storyboard; name = Base; path = Base.lproj/LaunchScreen.storyboard; sourceTree = "<group>"; };
		D65D804C1EA8F853009E7C77 /* Info.plist */ = {isa = PBXFileReference; lastKnownFileType = text.plist.xml; path = Info.plist; sourceTree = "<group>"; };
		D65D805E1EA8F907009E7C77 /* UINavigationController+NavAlpha.h */ = {isa = PBXFileReference; fileEncoding = 4; lastKnownFileType = sourcecode.c.h; path = "UINavigationController+NavAlpha.h"; sourceTree = "<group>"; };
		D65D805F1EA8F907009E7C77 /* UINavigationController+NavAlpha.m */ = {isa = PBXFileReference; fileEncoding = 4; lastKnownFileType = sourcecode.c.objc; path = "UINavigationController+NavAlpha.m"; sourceTree = "<group>"; };
		D65D80621EA8F92E009E7C77 /* PrefixHeader.pch */ = {isa = PBXFileReference; fileEncoding = 4; lastKnownFileType = sourcecode.c.h; path = PrefixHeader.pch; sourceTree = "<group>"; };
		D65D80661EA8F989009E7C77 /* Demo1ViewController.h */ = {isa = PBXFileReference; fileEncoding = 4; lastKnownFileType = sourcecode.c.h; path = Demo1ViewController.h; sourceTree = "<group>"; };
		D65D80671EA8F989009E7C77 /* Demo1ViewController.m */ = {isa = PBXFileReference; fileEncoding = 4; lastKnownFileType = sourcecode.c.objc; path = Demo1ViewController.m; sourceTree = "<group>"; };
		D67998EE1F395CDC00EFA3C6 /* mine.png */ = {isa = PBXFileReference; lastKnownFileType = image.png; path = mine.png; sourceTree = "<group>"; };
		D67998F01F398B3E00EFA3C6 /* UINavigationBar+NavAlpha.h */ = {isa = PBXFileReference; fileEncoding = 4; lastKnownFileType = sourcecode.c.h; path = "UINavigationBar+NavAlpha.h"; sourceTree = "<group>"; };
		D67998F11F398B3E00EFA3C6 /* UINavigationBar+NavAlpha.m */ = {isa = PBXFileReference; fileEncoding = 4; lastKnownFileType = sourcecode.c.objc; path = "UINavigationBar+NavAlpha.m"; sourceTree = "<group>"; };
		D67998F31F39927400EFA3C6 /* QViewController.h */ = {isa = PBXFileReference; fileEncoding = 4; lastKnownFileType = sourcecode.c.h; path = QViewController.h; sourceTree = "<group>"; };
		D67998F41F39927400EFA3C6 /* QViewController.m */ = {isa = PBXFileReference; fileEncoding = 4; lastKnownFileType = sourcecode.c.objc; path = QViewController.m; sourceTree = "<group>"; };
		D6916C261F0B71BD00B26552 /* TransparentNav.h */ = {isa = PBXFileReference; fileEncoding = 4; lastKnownFileType = sourcecode.c.h; path = TransparentNav.h; sourceTree = "<group>"; };
/* End PBXFileReference section */

/* Begin PBXFrameworksBuildPhase section */
		D65D80351EA8F853009E7C77 /* Frameworks */ = {
			isa = PBXFrameworksBuildPhase;
			buildActionMask = 2147483647;
			files = (
			);
			runOnlyForDeploymentPostprocessing = 0;
		};
/* End PBXFrameworksBuildPhase section */

/* Begin PBXGroup section */
		D65D802F1EA8F853009E7C77 = {
			isa = PBXGroup;
			children = (
				D65D803A1EA8F853009E7C77 /* MTransparentNav */,
				D65D80391EA8F853009E7C77 /* Products */,
			);
			sourceTree = "<group>";
		};
		D65D80391EA8F853009E7C77 /* Products */ = {
			isa = PBXGroup;
			children = (
				D65D80381EA8F853009E7C77 /* MTransparentNav.app */,
			);
			name = Products;
			sourceTree = "<group>";
		};
		D65D803A1EA8F853009E7C77 /* MTransparentNav */ = {
			isa = PBXGroup;
			children = (
				D65D805B1EA8F907009E7C77 /* MTransparentNav */,
				D65D803E1EA8F853009E7C77 /* AppDelegate.h */,
				D65D803F1EA8F853009E7C77 /* AppDelegate.m */,
				D65D80661EA8F989009E7C77 /* Demo1ViewController.h */,
				D65D80671EA8F989009E7C77 /* Demo1ViewController.m */,
				D67998F31F39927400EFA3C6 /* QViewController.h */,
				D67998F41F39927400EFA3C6 /* QViewController.m */,
				D65D80621EA8F92E009E7C77 /* PrefixHeader.pch */,
				D67998EE1F395CDC00EFA3C6 /* mine.png */,
				D65D80471EA8F853009E7C77 /* Assets.xcassets */,
				D65D804C1EA8F853009E7C77 /* Info.plist */,
				D65D80491EA8F853009E7C77 /* LaunchScreen.storyboard */,
				D65D803B1EA8F853009E7C77 /* Supporting Files */,
			);
			path = MTransparentNav;
			sourceTree = "<group>";
		};
		D65D803B1EA8F853009E7C77 /* Supporting Files */ = {
			isa = PBXGroup;
			children = (
				D65D803C1EA8F853009E7C77 /* main.m */,
			);
			name = "Supporting Files";
			sourceTree = "<group>";
		};
		D65D805B1EA8F907009E7C77 /* MTransparentNav */ = {
			isa = PBXGroup;
			children = (
				D6916C261F0B71BD00B26552 /* TransparentNav.h */,
				D67998F01F398B3E00EFA3C6 /* UINavigationBar+NavAlpha.h */,
				D67998F11F398B3E00EFA3C6 /* UINavigationBar+NavAlpha.m */,
				D65D805E1EA8F907009E7C77 /* UINavigationController+NavAlpha.h */,
				D65D805F1EA8F907009E7C77 /* UINavigationController+NavAlpha.m */,
			);
			path = MTransparentNav;
			sourceTree = "<group>";
		};
/* End PBXGroup section */

/* Begin PBXNativeTarget section */
		D65D80371EA8F853009E7C77 /* MTransparentNav */ = {
			isa = PBXNativeTarget;
			buildConfigurationList = D65D804F1EA8F853009E7C77 /* Build configuration list for PBXNativeTarget "MTransparentNav" */;
			buildPhases = (
				D65D80341EA8F853009E7C77 /* Sources */,
				D65D80351EA8F853009E7C77 /* Frameworks */,
				D65D80361EA8F853009E7C77 /* Resources */,
			);
			buildRules = (
			);
			dependencies = (
			);
			name = MTransparentNav;
			productName = MTransparentNav;
			productReference = D65D80381EA8F853009E7C77 /* MTransparentNav.app */;
			productType = "com.apple.product-type.application";
		};
/* End PBXNativeTarget section */

/* Begin PBXProject section */
		D65D80301EA8F853009E7C77 /* Project object */ = {
			isa = PBXProject;
			attributes = {
				LastUpgradeCheck = 0830;
				ORGANIZATIONNAME = mengqingzheng;
				TargetAttributes = {
					D65D80371EA8F853009E7C77 = {
						CreatedOnToolsVersion = 8.3.1;
						DevelopmentTeam = 47ZCN2V9UQ;
						ProvisioningStyle = Automatic;
					};
				};
			};
			buildConfigurationList = D65D80331EA8F853009E7C77 /* Build configuration list for PBXProject "MTransparentNav" */;
			compatibilityVersion = "Xcode 3.2";
			developmentRegion = English;
			hasScannedForEncodings = 0;
			knownRegions = (
				en,
				Base,
			);
			mainGroup = D65D802F1EA8F853009E7C77;
			productRefGroup = D65D80391EA8F853009E7C77 /* Products */;
			projectDirPath = "";
			projectRoot = "";
			targets = (
				D65D80371EA8F853009E7C77 /* MTransparentNav */,
			);
		};
/* End PBXProject section */

/* Begin PBXResourcesBuildPhase section */
		D65D80361EA8F853009E7C77 /* Resources */ = {
			isa = PBXResourcesBuildPhase;
			buildActionMask = 2147483647;
			files = (
				D65D804B1EA8F853009E7C77 /* LaunchScreen.storyboard in Resources */,
				D65D80481EA8F853009E7C77 /* Assets.xcassets in Resources */,
				D67998EF1F395CDC00EFA3C6 /* mine.png in Resources */,
			);
			runOnlyForDeploymentPostprocessing = 0;
		};
/* End PBXResourcesBuildPhase section */

/* Begin PBXSourcesBuildPhase section */
		D65D80341EA8F853009E7C77 /* Sources */ = {
			isa = PBXSourcesBuildPhase;
			buildActionMask = 2147483647;
			files = (
				D65D80681EA8F989009E7C77 /* Demo1ViewController.m in Sources */,
				D65D80401EA8F853009E7C77 /* AppDelegate.m in Sources */,
				D67998F51F39927400EFA3C6 /* QViewController.m in Sources */,
				D65D80611EA8F907009E7C77 /* UINavigationController+NavAlpha.m in Sources */,
				D67998F21F398B3E00EFA3C6 /* UINavigationBar+NavAlpha.m in Sources */,
				D65D803D1EA8F853009E7C77 /* main.m in Sources */,
			);
			runOnlyForDeploymentPostprocessing = 0;
		};
/* End PBXSourcesBuildPhase section */

/* Begin PBXVariantGroup section */
		D65D80491EA8F853009E7C77 /* LaunchScreen.storyboard */ = {
			isa = PBXVariantGroup;
			children = (
				D65D804A1EA8F853009E7C77 /* Base */,
			);
			name = LaunchScreen.storyboard;
			sourceTree = "<group>";
		};
/* End PBXVariantGroup section */

/* Begin XCBuildConfiguration section */
		D65D804D1EA8F853009E7C77 /* Debug */ = {
			isa = XCBuildConfiguration;
			buildSettings = {
				ALWAYS_SEARCH_USER_PATHS = NO;
				CLANG_ANALYZER_NONNULL = YES;
				CLANG_ANALYZER_NUMBER_OBJECT_CONVERSION = YES_AGGRESSIVE;
				CLANG_CXX_LANGUAGE_STANDARD = "gnu++0x";
				CLANG_CXX_LIBRARY = "libc++";
				CLANG_ENABLE_MODULES = YES;
				CLANG_ENABLE_OBJC_ARC = YES;
				CLANG_WARN_BOOL_CONVERSION = YES;
				CLANG_WARN_CONSTANT_CONVERSION = YES;
				CLANG_WARN_DIRECT_OBJC_ISA_USAGE = YES_ERROR;
				CLANG_WARN_DOCUMENTATION_COMMENTS = YES;
				CLANG_WARN_EMPTY_BODY = YES;
				CLANG_WARN_ENUM_CONVERSION = YES;
				CLANG_WARN_INFINITE_RECURSION = YES;
				CLANG_WARN_INT_CONVERSION = YES;
				CLANG_WARN_OBJC_ROOT_CLASS = YES_ERROR;
				CLANG_WARN_SUSPICIOUS_MOVE = YES;
				CLANG_WARN_UNREACHABLE_CODE = YES;
				CLANG_WARN__DUPLICATE_METHOD_MATCH = YES;
				"CODE_SIGN_IDENTITY[sdk=iphoneos*]" = "iPhone Developer";
				COPY_PHASE_STRIP = NO;
				DEBUG_INFORMATION_FORMAT = dwarf;
				ENABLE_STRICT_OBJC_MSGSEND = YES;
				ENABLE_TESTABILITY = YES;
				GCC_C_LANGUAGE_STANDARD = gnu99;
				GCC_DYNAMIC_NO_PIC = NO;
				GCC_NO_COMMON_BLOCKS = YES;
				GCC_OPTIMIZATION_LEVEL = 0;
				GCC_PREPROCESSOR_DEFINITIONS = (
					"DEBUG=1",
					"$(inherited)",
				);
				GCC_WARN_64_TO_32_BIT_CONVERSION = YES;
				GCC_WARN_ABOUT_RETURN_TYPE = YES_ERROR;
				GCC_WARN_UNDECLARED_SELECTOR = YES;
				GCC_WARN_UNINITIALIZED_AUTOS = YES_AGGRESSIVE;
				GCC_WARN_UNUSED_FUNCTION = YES;
				GCC_WARN_UNUSED_VARIABLE = YES;
				IPHONEOS_DEPLOYMENT_TARGET = 10.3;
				MTL_ENABLE_DEBUG_INFO = YES;
				ONLY_ACTIVE_ARCH = YES;
				SDKROOT = iphoneos;
			};
			name = Debug;
		};
		D65D804E1EA8F853009E7C77 /* Release */ = {
			isa = XCBuildConfiguration;
			buildSettings = {
				ALWAYS_SEARCH_USER_PATHS = NO;
				CLANG_ANALYZER_NONNULL = YES;
				CLANG_ANALYZER_NUMBER_OBJECT_CONVERSION = YES_AGGRESSIVE;
				CLANG_CXX_LANGUAGE_STANDARD = "gnu++0x";
				CLANG_CXX_LIBRARY = "libc++";
				CLANG_ENABLE_MODULES = YES;
				CLANG_ENABLE_OBJC_ARC = YES;
				CLANG_WARN_BOOL_CONVERSION = YES;
				CLANG_WARN_CONSTANT_CONVERSION = YES;
				CLANG_WARN_DIRECT_OBJC_ISA_USAGE = YES_ERROR;
				CLANG_WARN_DOCUMENTATION_COMMENTS = YES;
				CLANG_WARN_EMPTY_BODY = YES;
				CLANG_WARN_ENUM_CONVERSION = YES;
				CLANG_WARN_INFINITE_RECURSION = YES;
				CLANG_WARN_INT_CONVERSION = YES;
				CLANG_WARN_OBJC_ROOT_CLASS = YES_ERROR;
				CLANG_WARN_SUSPICIOUS_MOVE = YES;
				CLANG_WARN_UNREACHABLE_CODE = YES;
				CLANG_WARN__DUPLICATE_METHOD_MATCH = YES;
				"CODE_SIGN_IDENTITY[sdk=iphoneos*]" = "iPhone Developer";
				COPY_PHASE_STRIP = NO;
				DEBUG_INFORMATION_FORMAT = "dwarf-with-dsym";
				ENABLE_NS_ASSERTIONS = NO;
				ENABLE_STRICT_OBJC_MSGSEND = YES;
				GCC_C_LANGUAGE_STANDARD = gnu99;
				GCC_NO_COMMON_BLOCKS = YES;
				GCC_WARN_64_TO_32_BIT_CONVERSION = YES;
				GCC_WARN_ABOUT_RETURN_TYPE = YES_ERROR;
				GCC_WARN_UNDECLARED_SELECTOR = YES;
				GCC_WARN_UNINITIALIZED_AUTOS = YES_AGGRESSIVE;
				GCC_WARN_UNUSED_FUNCTION = YES;
				GCC_WARN_UNUSED_VARIABLE = YES;
				IPHONEOS_DEPLOYMENT_TARGET = 10.3;
				MTL_ENABLE_DEBUG_INFO = NO;
				SDKROOT = iphoneos;
				VALIDATE_PRODUCT = YES;
			};
			name = Release;
		};
		D65D80501EA8F853009E7C77 /* Debug */ = {
			isa = XCBuildConfiguration;
			buildSettings = {
				ASSETCATALOG_COMPILER_APPICON_NAME = AppIcon;
				DEVELOPMENT_TEAM = 47ZCN2V9UQ;
				GCC_PRECOMPILE_PREFIX_HEADER = YES;
				GCC_PREFIX_HEADER = "$(SRCROOT)/MTransparentNav/PrefixHeader.pch";
				INFOPLIST_FILE = MTransparentNav/Info.plist;
				IPHONEOS_DEPLOYMENT_TARGET = 8.0;
				LD_RUNPATH_SEARCH_PATHS = "$(inherited) @executable_path/Frameworks";
				PRODUCT_BUNDLE_IDENTIFIER = mengqingzheng.MTransparentNav;
				PRODUCT_NAME = "$(TARGET_NAME)";
			};
			name = Debug;
		};
		D65D80511EA8F853009E7C77 /* Release */ = {
			isa = XCBuildConfiguration;
			buildSettings = {
				ASSETCATALOG_COMPILER_APPICON_NAME = AppIcon;
				DEVELOPMENT_TEAM = 47ZCN2V9UQ;
				GCC_PRECOMPILE_PREFIX_HEADER = YES;
				GCC_PREFIX_HEADER = "$(SRCROOT)/MTransparentNav/PrefixHeader.pch";
				INFOPLIST_FILE = MTransparentNav/Info.plist;
				IPHONEOS_DEPLOYMENT_TARGET = 8.0;
				LD_RUNPATH_SEARCH_PATHS = "$(inherited) @executable_path/Frameworks";
				PRODUCT_BUNDLE_IDENTIFIER = mengqingzheng.MTransparentNav;
				PRODUCT_NAME = "$(TARGET_NAME)";
			};
			name = Release;
		};
/* End XCBuildConfiguration section */

/* Begin XCConfigurationList section */
		D65D80331EA8F853009E7C77 /* Build configuration list for PBXProject "MTransparentNav" */ = {
			isa = XCConfigurationList;
			buildConfigurations = (
				D65D804D1EA8F853009E7C77 /* Debug */,
				D65D804E1EA8F853009E7C77 /* Release */,
			);
			defaultConfigurationIsVisible = 0;
			defaultConfigurationName = Release;
		};
		D65D804F1EA8F853009E7C77 /* Build configuration list for PBXNativeTarget "MTransparentNav" */ = {
			isa = XCConfigurationList;
			buildConfigurations = (
				D65D80501EA8F853009E7C77 /* Debug */,
				D65D80511EA8F853009E7C77 /* Release */,
			);
			defaultConfigurationIsVisible = 0;
			defaultConfigurationName = Release;
		};
/* End XCConfigurationList section */
	};
	rootObject = D65D80301EA8F853009E7C77 /* Project object */;
}
